// !$*UTF8*$!
{
	archiveVersion = 1;
	classes = {
	};
	objectVersion = 50;
	objects = {

/* Begin PBXBuildFile section */
		1922F49D2276B9A500897797 /* edgelord.json in Resources */ = {isa = PBXBuildFile; fileRef = 1922F49B2276B9A500897797 /* edgelord.json */; };
		1922F4A02276BA9200897797 /* chefgirl.json in Resources */ = {isa = PBXBuildFile; fileRef = 1922F49F2276BA9200897797 /* chefgirl.json */; };
		19259BDD226A313B001AE9F0 /* TempChatBotViewController.swift in Sources */ = {isa = PBXBuildFile; fileRef = 19259BDC226A313B001AE9F0 /* TempChatBotViewController.swift */; };
		19259BDF226A3784001AE9F0 /* chefSpeaks.json in Resources */ = {isa = PBXBuildFile; fileRef = 19259BDE226A3784001AE9F0 /* chefSpeaks.json */; };
		1958CF4D227155BE00ECFCC3 /* CoreLocation.framework in Frameworks */ = {isa = PBXBuildFile; fileRef = 1958CF4C227155BE00ECFCC3 /* CoreLocation.framework */; };
		1958CF532271782400ECFCC3 /* Query.swift in Sources */ = {isa = PBXBuildFile; fileRef = 1958CF522271782400ECFCC3 /* Query.swift */; };
		2916903422699FE200384325 /* (null) in Resources */ = {isa = PBXBuildFile; };
		291690362269AE0500384325 /* (null) in Sources */ = {isa = PBXBuildFile; };
		2916903C2269B1B700384325 /* (null) in Resources */ = {isa = PBXBuildFile; };
		2916903E2269B1BF00384325 /* (null) in Sources */ = {isa = PBXBuildFile; };
		291913112268B5D8000498C5 /* RestaurantExamples.swift in Sources */ = {isa = PBXBuildFile; fileRef = 291913102268B5D8000498C5 /* RestaurantExamples.swift */; };
		291913132268B92F000498C5 /* data.json in Resources */ = {isa = PBXBuildFile; fileRef = 291913122268B92F000498C5 /* data.json */; };
		29237F222265B70300B332EE /* CardView.xib in Resources */ = {isa = PBXBuildFile; fileRef = 29237F212265B70200B332EE /* CardView.xib */; };
		29237F242265B76600B332EE /* CardView.swift in Sources */ = {isa = PBXBuildFile; fileRef = 29237F232265B76600B332EE /* CardView.swift */; };
		29807FE02262AF7100B785F7 /* AppDelegate.swift in Sources */ = {isa = PBXBuildFile; fileRef = 29807FDF2262AF7100B785F7 /* AppDelegate.swift */; };
		29807FE22262AF7100B785F7 /* LoadingScreenviewController.swift in Sources */ = {isa = PBXBuildFile; fileRef = 29807FE12262AF7100B785F7 /* LoadingScreenviewController.swift */; };
		29807FE52262AF7100B785F7 /* Main.storyboard in Resources */ = {isa = PBXBuildFile; fileRef = 29807FE32262AF7100B785F7 /* Main.storyboard */; };
		29807FE72262AF7400B785F7 /* Assets.xcassets in Resources */ = {isa = PBXBuildFile; fileRef = 29807FE62262AF7400B785F7 /* Assets.xcassets */; };
		29807FEA2262AF7400B785F7 /* LaunchScreen.storyboard in Resources */ = {isa = PBXBuildFile; fileRef = 29807FE82262AF7400B785F7 /* LaunchScreen.storyboard */; };
		29807FF52262AF7400B785F7 /* craveBotTests.swift in Sources */ = {isa = PBXBuildFile; fileRef = 29807FF42262AF7400B785F7 /* craveBotTests.swift */; };
		298080002262AF7400B785F7 /* craveBotUITests.swift in Sources */ = {isa = PBXBuildFile; fileRef = 29807FFF2262AF7400B785F7 /* craveBotUITests.swift */; };
		298080102262B13C00B785F7 /* ChatBotViewController.swift in Sources */ = {isa = PBXBuildFile; fileRef = 2980800F2262B13C00B785F7 /* ChatBotViewController.swift */; };
		298080122262B16000B785F7 /* RestaurantViewController.swift in Sources */ = {isa = PBXBuildFile; fileRef = 298080112262B16000B785F7 /* RestaurantViewController.swift */; };
		298080142262B16A00B785F7 /* Restaurant.swift in Sources */ = {isa = PBXBuildFile; fileRef = 298080132262B16A00B785F7 /* Restaurant.swift */; };
		5794393103BC3A7C0DD2B975 /* Pods_craveBotUITests.framework in Frameworks */ = {isa = PBXBuildFile; fileRef = 6AA32620F393CBC9A83C797F /* Pods_craveBotUITests.framework */; };
		67704F30467965DAA12EA97E /* Pods_craveBotTests.framework in Frameworks */ = {isa = PBXBuildFile; fileRef = 4BC11038243D164E319889F1 /* Pods_craveBotTests.framework */; };
		B4789815697214F4E4402CFC /* Pods_craveBot.framework in Frameworks */ = {isa = PBXBuildFile; fileRef = 3C1AE61461DD8A7ED35BECEC /* Pods_craveBot.framework */; };
/* End PBXBuildFile section */

/* Begin PBXContainerItemProxy section */
		29807FF12262AF7400B785F7 /* PBXContainerItemProxy */ = {
			isa = PBXContainerItemProxy;
			containerPortal = 29807FD42262AF7100B785F7 /* Project object */;
			proxyType = 1;
			remoteGlobalIDString = 29807FDB2262AF7100B785F7;
			remoteInfo = craveBot;
		};
		29807FFC2262AF7400B785F7 /* PBXContainerItemProxy */ = {
			isa = PBXContainerItemProxy;
			containerPortal = 29807FD42262AF7100B785F7 /* Project object */;
			proxyType = 1;
			remoteGlobalIDString = 29807FDB2262AF7100B785F7;
			remoteInfo = craveBot;
		};
/* End PBXContainerItemProxy section */

/* Begin PBXFileReference section */
		06E5DC638331D3BBEE335A00 /* Pods-craveBotTests.release.xcconfig */ = {isa = PBXFileReference; includeInIndex = 1; lastKnownFileType = text.xcconfig; name = "Pods-craveBotTests.release.xcconfig"; path = "Pods/Target Support Files/Pods-craveBotTests/Pods-craveBotTests.release.xcconfig"; sourceTree = "<group>"; };
		1922F49B2276B9A500897797 /* edgelord.json */ = {isa = PBXFileReference; fileEncoding = 4; lastKnownFileType = text.json; name = edgelord.json; path = ../../../../../Desktop/edgelord.json; sourceTree = "<group>"; };
		1922F49F2276BA9200897797 /* chefgirl.json */ = {isa = PBXFileReference; fileEncoding = 4; lastKnownFileType = text.json; name = chefgirl.json; path = ../../../../../Desktop/chefgirl.json; sourceTree = "<group>"; };
		19259BDC226A313B001AE9F0 /* TempChatBotViewController.swift */ = {isa = PBXFileReference; lastKnownFileType = sourcecode.swift; path = TempChatBotViewController.swift; sourceTree = "<group>"; };
		19259BDE226A3784001AE9F0 /* chefSpeaks.json */ = {isa = PBXFileReference; fileEncoding = 4; lastKnownFileType = text.json; path = chefSpeaks.json; sourceTree = "<group>"; };
		1958CF4C227155BE00ECFCC3 /* CoreLocation.framework */ = {isa = PBXFileReference; lastKnownFileType = wrapper.framework; name = CoreLocation.framework; path = System/Library/Frameworks/CoreLocation.framework; sourceTree = SDKROOT; };
		1958CF522271782400ECFCC3 /* Query.swift */ = {isa = PBXFileReference; lastKnownFileType = sourcecode.swift; path = Query.swift; sourceTree = "<group>"; };
		291913102268B5D8000498C5 /* RestaurantExamples.swift */ = {isa = PBXFileReference; lastKnownFileType = sourcecode.swift; path = RestaurantExamples.swift; sourceTree = "<group>"; };
		291913122268B92F000498C5 /* data.json */ = {isa = PBXFileReference; fileEncoding = 4; lastKnownFileType = text.json; name = data.json; path = craveBot/data.json; sourceTree = SOURCE_ROOT; };
		29237F212265B70200B332EE /* CardView.xib */ = {isa = PBXFileReference; fileEncoding = 4; lastKnownFileType = file.xib; path = CardView.xib; sourceTree = "<group>"; };
		29237F232265B76600B332EE /* CardView.swift */ = {isa = PBXFileReference; lastKnownFileType = sourcecode.swift; path = CardView.swift; sourceTree = "<group>"; };
		29807FDC2262AF7100B785F7 /* craveBot.app */ = {isa = PBXFileReference; explicitFileType = wrapper.application; includeInIndex = 0; path = craveBot.app; sourceTree = BUILT_PRODUCTS_DIR; };
		29807FDF2262AF7100B785F7 /* AppDelegate.swift */ = {isa = PBXFileReference; lastKnownFileType = sourcecode.swift; path = AppDelegate.swift; sourceTree = "<group>"; };
		29807FE12262AF7100B785F7 /* LoadingScreenviewController.swift */ = {isa = PBXFileReference; lastKnownFileType = sourcecode.swift; path = LoadingScreenviewController.swift; sourceTree = "<group>"; };
		29807FE42262AF7100B785F7 /* Base */ = {isa = PBXFileReference; lastKnownFileType = file.storyboard; name = Base; path = Base.lproj/Main.storyboard; sourceTree = "<group>"; };
		29807FE62262AF7400B785F7 /* Assets.xcassets */ = {isa = PBXFileReference; lastKnownFileType = folder.assetcatalog; path = Assets.xcassets; sourceTree = "<group>"; };
		29807FE92262AF7400B785F7 /* Base */ = {isa = PBXFileReference; lastKnownFileType = file.storyboard; name = Base; path = Base.lproj/LaunchScreen.storyboard; sourceTree = "<group>"; };
		29807FEB2262AF7400B785F7 /* Info.plist */ = {isa = PBXFileReference; lastKnownFileType = text.plist.xml; path = Info.plist; sourceTree = "<group>"; };
		29807FF02262AF7400B785F7 /* craveBotTests.xctest */ = {isa = PBXFileReference; explicitFileType = wrapper.cfbundle; includeInIndex = 0; path = craveBotTests.xctest; sourceTree = BUILT_PRODUCTS_DIR; };
		29807FF42262AF7400B785F7 /* craveBotTests.swift */ = {isa = PBXFileReference; lastKnownFileType = sourcecode.swift; path = craveBotTests.swift; sourceTree = "<group>"; };
		29807FF62262AF7400B785F7 /* Info.plist */ = {isa = PBXFileReference; lastKnownFileType = text.plist.xml; path = Info.plist; sourceTree = "<group>"; };
		29807FFB2262AF7400B785F7 /* craveBotUITests.xctest */ = {isa = PBXFileReference; explicitFileType = wrapper.cfbundle; includeInIndex = 0; path = craveBotUITests.xctest; sourceTree = BUILT_PRODUCTS_DIR; };
		29807FFF2262AF7400B785F7 /* craveBotUITests.swift */ = {isa = PBXFileReference; lastKnownFileType = sourcecode.swift; path = craveBotUITests.swift; sourceTree = "<group>"; };
		298080012262AF7400B785F7 /* Info.plist */ = {isa = PBXFileReference; lastKnownFileType = text.plist.xml; path = Info.plist; sourceTree = "<group>"; };
		2980800F2262B13C00B785F7 /* ChatBotViewController.swift */ = {isa = PBXFileReference; lastKnownFileType = sourcecode.swift; path = ChatBotViewController.swift; sourceTree = "<group>"; };
		298080112262B16000B785F7 /* RestaurantViewController.swift */ = {isa = PBXFileReference; lastKnownFileType = sourcecode.swift; path = RestaurantViewController.swift; sourceTree = "<group>"; };
		298080132262B16A00B785F7 /* Restaurant.swift */ = {isa = PBXFileReference; lastKnownFileType = sourcecode.swift; path = Restaurant.swift; sourceTree = "<group>"; };
		3A9E3F89D13BAF6B75C44D43 /* Pods-craveBot.release.xcconfig */ = {isa = PBXFileReference; includeInIndex = 1; lastKnownFileType = text.xcconfig; name = "Pods-craveBot.release.xcconfig"; path = "Pods/Target Support Files/Pods-craveBot/Pods-craveBot.release.xcconfig"; sourceTree = "<group>"; };
		3C1AE61461DD8A7ED35BECEC /* Pods_craveBot.framework */ = {isa = PBXFileReference; explicitFileType = wrapper.framework; includeInIndex = 0; path = Pods_craveBot.framework; sourceTree = BUILT_PRODUCTS_DIR; };
		473216DD839E9F7E4A941BD2 /* Pods-craveBotTests.debug.xcconfig */ = {isa = PBXFileReference; includeInIndex = 1; lastKnownFileType = text.xcconfig; name = "Pods-craveBotTests.debug.xcconfig"; path = "Pods/Target Support Files/Pods-craveBotTests/Pods-craveBotTests.debug.xcconfig"; sourceTree = "<group>"; };
		4BC11038243D164E319889F1 /* Pods_craveBotTests.framework */ = {isa = PBXFileReference; explicitFileType = wrapper.framework; includeInIndex = 0; path = Pods_craveBotTests.framework; sourceTree = BUILT_PRODUCTS_DIR; };
		4FE97228F82AB3750A77FB07 /* Pods-craveBotUITests.release.xcconfig */ = {isa = PBXFileReference; includeInIndex = 1; lastKnownFileType = text.xcconfig; name = "Pods-craveBotUITests.release.xcconfig"; path = "Pods/Target Support Files/Pods-craveBotUITests/Pods-craveBotUITests.release.xcconfig"; sourceTree = "<group>"; };
		6AA32620F393CBC9A83C797F /* Pods_craveBotUITests.framework */ = {isa = PBXFileReference; explicitFileType = wrapper.framework; includeInIndex = 0; path = Pods_craveBotUITests.framework; sourceTree = BUILT_PRODUCTS_DIR; };
		751CE630EE7F3B55784E1F57 /* Pods-craveBotUITests.debug.xcconfig */ = {isa = PBXFileReference; includeInIndex = 1; lastKnownFileType = text.xcconfig; name = "Pods-craveBotUITests.debug.xcconfig"; path = "Pods/Target Support Files/Pods-craveBotUITests/Pods-craveBotUITests.debug.xcconfig"; sourceTree = "<group>"; };
		88D9158852C95ED80FD0FE57 /* Pods-craveBot.debug.xcconfig */ = {isa = PBXFileReference; includeInIndex = 1; lastKnownFileType = text.xcconfig; name = "Pods-craveBot.debug.xcconfig"; path = "Pods/Target Support Files/Pods-craveBot/Pods-craveBot.debug.xcconfig"; sourceTree = "<group>"; };
/* End PBXFileReference section */

/* Begin PBXFrameworksBuildPhase section */
		29807FD92262AF7100B785F7 /* Frameworks */ = {
			isa = PBXFrameworksBuildPhase;
			buildActionMask = 2147483647;
			files = (
				1958CF4D227155BE00ECFCC3 /* CoreLocation.framework in Frameworks */,
				B4789815697214F4E4402CFC /* Pods_craveBot.framework in Frameworks */,
			);
			runOnlyForDeploymentPostprocessing = 0;
		};
		29807FED2262AF7400B785F7 /* Frameworks */ = {
			isa = PBXFrameworksBuildPhase;
			buildActionMask = 2147483647;
			files = (
				67704F30467965DAA12EA97E /* Pods_craveBotTests.framework in Frameworks */,
			);
			runOnlyForDeploymentPostprocessing = 0;
		};
		29807FF82262AF7400B785F7 /* Frameworks */ = {
			isa = PBXFrameworksBuildPhase;
			buildActionMask = 2147483647;
			files = (
				5794393103BC3A7C0DD2B975 /* Pods_craveBotUITests.framework in Frameworks */,
			);
			runOnlyForDeploymentPostprocessing = 0;
		};
/* End PBXFrameworksBuildPhase section */

/* Begin PBXGroup section */
		2919130F2268B572000498C5 /* Views */ = {
			isa = PBXGroup;
			children = (
				29237F232265B76600B332EE /* CardView.swift */,
				29237F212265B70200B332EE /* CardView.xib */,
			);
			path = Views;
			sourceTree = "<group>";
		};
		29807FD32262AF7100B785F7 = {
			isa = PBXGroup;
			children = (
				29807FDE2262AF7100B785F7 /* craveBot */,
				29807FF32262AF7400B785F7 /* craveBotTests */,
				29807FFE2262AF7400B785F7 /* craveBotUITests */,
				29807FDD2262AF7100B785F7 /* Products */,
				6DEA8AF8D67C14C8AF5D7D4E /* Pods */,
				E800C37FCFAC3AF9352EA93F /* Frameworks */,
			);
			sourceTree = "<group>";
		};
		29807FDD2262AF7100B785F7 /* Products */ = {
			isa = PBXGroup;
			children = (
				29807FDC2262AF7100B785F7 /* craveBot.app */,
				29807FF02262AF7400B785F7 /* craveBotTests.xctest */,
				29807FFB2262AF7400B785F7 /* craveBotUITests.xctest */,
			);
			name = Products;
			sourceTree = "<group>";
		};
		29807FDE2262AF7100B785F7 /* craveBot */ = {
			isa = PBXGroup;
			children = (
				2919130F2268B572000498C5 /* Views */,
				29807FDF2262AF7100B785F7 /* AppDelegate.swift */,
				291913122268B92F000498C5 /* data.json */,
				2980800E2262B12200B785F7 /* Models */,
				2980800D2262B11000B785F7 /* ViewControllers */,
				29807FE32262AF7100B785F7 /* Main.storyboard */,
				29807FE62262AF7400B785F7 /* Assets.xcassets */,
				29807FE82262AF7400B785F7 /* LaunchScreen.storyboard */,
				19259BDE226A3784001AE9F0 /* chefSpeaks.json */,
				1922F49F2276BA9200897797 /* chefgirl.json */,
				1922F49B2276B9A500897797 /* edgelord.json */,
				29807FEB2262AF7400B785F7 /* Info.plist */,
			);
			path = craveBot;
			sourceTree = "<group>";
		};
		29807FF32262AF7400B785F7 /* craveBotTests */ = {
			isa = PBXGroup;
			children = (
				29807FF42262AF7400B785F7 /* craveBotTests.swift */,
				29807FF62262AF7400B785F7 /* Info.plist */,
			);
			path = craveBotTests;
			sourceTree = "<group>";
		};
		29807FFE2262AF7400B785F7 /* craveBotUITests */ = {
			isa = PBXGroup;
			children = (
				29807FFF2262AF7400B785F7 /* craveBotUITests.swift */,
				298080012262AF7400B785F7 /* Info.plist */,
			);
			path = craveBotUITests;
			sourceTree = "<group>";
		};
		2980800D2262B11000B785F7 /* ViewControllers */ = {
			isa = PBXGroup;
			children = (
				29807FE12262AF7100B785F7 /* LoadingScreenviewController.swift */,
				19259BDC226A313B001AE9F0 /* TempChatBotViewController.swift */,
				2980800F2262B13C00B785F7 /* ChatBotViewController.swift */,
				298080112262B16000B785F7 /* RestaurantViewController.swift */,
			);
			path = ViewControllers;
			sourceTree = "<group>";
		};
		2980800E2262B12200B785F7 /* Models */ = {
			isa = PBXGroup;
			children = (
				298080132262B16A00B785F7 /* Restaurant.swift */,
				291913102268B5D8000498C5 /* RestaurantExamples.swift */,
				1958CF522271782400ECFCC3 /* Query.swift */,
			);
			path = Models;
			sourceTree = "<group>";
		};
		6DEA8AF8D67C14C8AF5D7D4E /* Pods */ = {
			isa = PBXGroup;
			children = (
				88D9158852C95ED80FD0FE57 /* Pods-craveBot.debug.xcconfig */,
				3A9E3F89D13BAF6B75C44D43 /* Pods-craveBot.release.xcconfig */,
				473216DD839E9F7E4A941BD2 /* Pods-craveBotTests.debug.xcconfig */,
				06E5DC638331D3BBEE335A00 /* Pods-craveBotTests.release.xcconfig */,
				751CE630EE7F3B55784E1F57 /* Pods-craveBotUITests.debug.xcconfig */,
				4FE97228F82AB3750A77FB07 /* Pods-craveBotUITests.release.xcconfig */,
			);
			name = Pods;
			sourceTree = "<group>";
		};
		E800C37FCFAC3AF9352EA93F /* Frameworks */ = {
			isa = PBXGroup;
			children = (
				1958CF4C227155BE00ECFCC3 /* CoreLocation.framework */,
				3C1AE61461DD8A7ED35BECEC /* Pods_craveBot.framework */,
				4BC11038243D164E319889F1 /* Pods_craveBotTests.framework */,
				6AA32620F393CBC9A83C797F /* Pods_craveBotUITests.framework */,
			);
			name = Frameworks;
			sourceTree = "<group>";
		};
/* End PBXGroup section */

/* Begin PBXNativeTarget section */
		29807FDB2262AF7100B785F7 /* craveBot */ = {
			isa = PBXNativeTarget;
			buildConfigurationList = 298080042262AF7400B785F7 /* Build configuration list for PBXNativeTarget "craveBot" */;
			buildPhases = (
				1F6B3DD9C9906BAF8AEC4F28 /* [CP] Check Pods Manifest.lock */,
				29807FD82262AF7100B785F7 /* Sources */,
				29807FD92262AF7100B785F7 /* Frameworks */,
				29807FDA2262AF7100B785F7 /* Resources */,
				D12F2D4E1906F6421E3C6B30 /* [CP] Embed Pods Frameworks */,
			);
			buildRules = (
			);
			dependencies = (
			);
			name = craveBot;
			productName = craveBot;
			productReference = 29807FDC2262AF7100B785F7 /* craveBot.app */;
			productType = "com.apple.product-type.application";
		};
		29807FEF2262AF7400B785F7 /* craveBotTests */ = {
			isa = PBXNativeTarget;
			buildConfigurationList = 298080072262AF7400B785F7 /* Build configuration list for PBXNativeTarget "craveBotTests" */;
			buildPhases = (
				DDDF4DE0F2AB2F8D5588D194 /* [CP] Check Pods Manifest.lock */,
				29807FEC2262AF7400B785F7 /* Sources */,
				29807FED2262AF7400B785F7 /* Frameworks */,
				29807FEE2262AF7400B785F7 /* Resources */,
			);
			buildRules = (
			);
			dependencies = (
				29807FF22262AF7400B785F7 /* PBXTargetDependency */,
			);
			name = craveBotTests;
			productName = craveBotTests;
			productReference = 29807FF02262AF7400B785F7 /* craveBotTests.xctest */;
			productType = "com.apple.product-type.bundle.unit-test";
		};
		29807FFA2262AF7400B785F7 /* craveBotUITests */ = {
			isa = PBXNativeTarget;
			buildConfigurationList = 2980800A2262AF7400B785F7 /* Build configuration list for PBXNativeTarget "craveBotUITests" */;
			buildPhases = (
				C051DA273AF4C45B0E5C11D2 /* [CP] Check Pods Manifest.lock */,
				29807FF72262AF7400B785F7 /* Sources */,
				29807FF82262AF7400B785F7 /* Frameworks */,
				29807FF92262AF7400B785F7 /* Resources */,
			);
			buildRules = (
			);
			dependencies = (
				29807FFD2262AF7400B785F7 /* PBXTargetDependency */,
			);
			name = craveBotUITests;
			productName = craveBotUITests;
			productReference = 29807FFB2262AF7400B785F7 /* craveBotUITests.xctest */;
			productType = "com.apple.product-type.bundle.ui-testing";
		};
/* End PBXNativeTarget section */

/* Begin PBXProject section */
		29807FD42262AF7100B785F7 /* Project object */ = {
			isa = PBXProject;
			attributes = {
				LastSwiftUpdateCheck = 1000;
				LastUpgradeCheck = 1000;
				ORGANIZATIONNAME = CraveProject;
				TargetAttributes = {
					29807FDB2262AF7100B785F7 = {
						CreatedOnToolsVersion = 10.0;
					};
					29807FEF2262AF7400B785F7 = {
						CreatedOnToolsVersion = 10.0;
						TestTargetID = 29807FDB2262AF7100B785F7;
					};
					29807FFA2262AF7400B785F7 = {
						CreatedOnToolsVersion = 10.0;
						TestTargetID = 29807FDB2262AF7100B785F7;
					};
				};
			};
			buildConfigurationList = 29807FD72262AF7100B785F7 /* Build configuration list for PBXProject "craveBot" */;
			compatibilityVersion = "Xcode 9.3";
			developmentRegion = en;
			hasScannedForEncodings = 0;
			knownRegions = (
				en,
				Base,
			);
			mainGroup = 29807FD32262AF7100B785F7;
			productRefGroup = 29807FDD2262AF7100B785F7 /* Products */;
			projectDirPath = "";
			projectRoot = "";
			targets = (
				29807FDB2262AF7100B785F7 /* craveBot */,
				29807FEF2262AF7400B785F7 /* craveBotTests */,
				29807FFA2262AF7400B785F7 /* craveBotUITests */,
			);
		};
/* End PBXProject section */

/* Begin PBXResourcesBuildPhase section */
		29807FDA2262AF7100B785F7 /* Resources */ = {
			isa = PBXResourcesBuildPhase;
			buildActionMask = 2147483647;
			files = (
				19259BDF226A3784001AE9F0 /* chefSpeaks.json in Resources */,
				1922F4A02276BA9200897797 /* chefgirl.json in Resources */,
				29807FEA2262AF7400B785F7 /* LaunchScreen.storyboard in Resources */,
				29807FE72262AF7400B785F7 /* Assets.xcassets in Resources */,
				1922F49D2276B9A500897797 /* edgelord.json in Resources */,
				29237F222265B70300B332EE /* CardView.xib in Resources */,
				291913132268B92F000498C5 /* data.json in Resources */,
				2916903C2269B1B700384325 /* (null) in Resources */,
				2916903422699FE200384325 /* (null) in Resources */,
				29807FE52262AF7100B785F7 /* Main.storyboard in Resources */,
			);
			runOnlyForDeploymentPostprocessing = 0;
		};
		29807FEE2262AF7400B785F7 /* Resources */ = {
			isa = PBXResourcesBuildPhase;
			buildActionMask = 2147483647;
			files = (
			);
			runOnlyForDeploymentPostprocessing = 0;
		};
		29807FF92262AF7400B785F7 /* Resources */ = {
			isa = PBXResourcesBuildPhase;
			buildActionMask = 2147483647;
			files = (
			);
			runOnlyForDeploymentPostprocessing = 0;
		};
/* End PBXResourcesBuildPhase section */

/* Begin PBXShellScriptBuildPhase section */
		1F6B3DD9C9906BAF8AEC4F28 /* [CP] Check Pods Manifest.lock */ = {
			isa = PBXShellScriptBuildPhase;
			buildActionMask = 2147483647;
			files = (
			);
			inputFileListPaths = (
			);
			inputPaths = (
				"${PODS_PODFILE_DIR_PATH}/Podfile.lock",
				"${PODS_ROOT}/Manifest.lock",
			);
			name = "[CP] Check Pods Manifest.lock";
			outputFileListPaths = (
			);
			outputPaths = (
				"$(DERIVED_FILE_DIR)/Pods-craveBot-checkManifestLockResult.txt",
			);
			runOnlyForDeploymentPostprocessing = 0;
			shellPath = /bin/sh;
			shellScript = "diff \"${PODS_PODFILE_DIR_PATH}/Podfile.lock\" \"${PODS_ROOT}/Manifest.lock\" > /dev/null\nif [ $? != 0 ] ; then\n    # print error to STDERR\n    echo \"error: The sandbox is not in sync with the Podfile.lock. Run 'pod install' or update your CocoaPods installation.\" >&2\n    exit 1\nfi\n# This output is used by Xcode 'outputs' to avoid re-running this script phase.\necho \"SUCCESS\" > \"${SCRIPT_OUTPUT_FILE_0}\"\n";
			showEnvVarsInLog = 0;
		};
		C051DA273AF4C45B0E5C11D2 /* [CP] Check Pods Manifest.lock */ = {
			isa = PBXShellScriptBuildPhase;
			buildActionMask = 2147483647;
			files = (
			);
			inputFileListPaths = (
			);
			inputPaths = (
				"${PODS_PODFILE_DIR_PATH}/Podfile.lock",
				"${PODS_ROOT}/Manifest.lock",
			);
			name = "[CP] Check Pods Manifest.lock";
			outputFileListPaths = (
			);
			outputPaths = (
				"$(DERIVED_FILE_DIR)/Pods-craveBotUITests-checkManifestLockResult.txt",
			);
			runOnlyForDeploymentPostprocessing = 0;
			shellPath = /bin/sh;
			shellScript = "diff \"${PODS_PODFILE_DIR_PATH}/Podfile.lock\" \"${PODS_ROOT}/Manifest.lock\" > /dev/null\nif [ $? != 0 ] ; then\n    # print error to STDERR\n    echo \"error: The sandbox is not in sync with the Podfile.lock. Run 'pod install' or update your CocoaPods installation.\" >&2\n    exit 1\nfi\n# This output is used by Xcode 'outputs' to avoid re-running this script phase.\necho \"SUCCESS\" > \"${SCRIPT_OUTPUT_FILE_0}\"\n";
			showEnvVarsInLog = 0;
		};
		D12F2D4E1906F6421E3C6B30 /* [CP] Embed Pods Frameworks */ = {
			isa = PBXShellScriptBuildPhase;
			buildActionMask = 2147483647;
			files = (
			);
			inputFileListPaths = (
			);
			inputPaths = (
				"${PODS_ROOT}/Target Support Files/Pods-craveBot/Pods-craveBot-frameworks.sh",
				"${BUILT_PRODUCTS_DIR}/Alamofire/Alamofire.framework",
				"${BUILT_PRODUCTS_DIR}/CLTypingLabel/CLTypingLabel.framework",
				"${BUILT_PRODUCTS_DIR}/FloatRatingView/FloatRatingView.framework",
				"${BUILT_PRODUCTS_DIR}/IHKeyboardAvoiding/IHKeyboardAvoiding.framework",
				"${BUILT_PRODUCTS_DIR}/Kingfisher/Kingfisher.framework",
				"${BUILT_PRODUCTS_DIR}/Koloda/Koloda.framework",
				"${BUILT_PRODUCTS_DIR}/SwiftLocation/SwiftLocation.framework",
				"${BUILT_PRODUCTS_DIR}/SwiftyJSON/SwiftyJSON.framework",
				"${BUILT_PRODUCTS_DIR}/Toolbar/Toolbar.framework",
				"${BUILT_PRODUCTS_DIR}/lottie-ios/Lottie.framework",
				"${BUILT_PRODUCTS_DIR}/pop/pop.framework",
			);
			name = "[CP] Embed Pods Frameworks";
			outputFileListPaths = (
			);
			outputPaths = (
				"${TARGET_BUILD_DIR}/${FRAMEWORKS_FOLDER_PATH}/Alamofire.framework",
				"${TARGET_BUILD_DIR}/${FRAMEWORKS_FOLDER_PATH}/CLTypingLabel.framework",
				"${TARGET_BUILD_DIR}/${FRAMEWORKS_FOLDER_PATH}/FloatRatingView.framework",
				"${TARGET_BUILD_DIR}/${FRAMEWORKS_FOLDER_PATH}/IHKeyboardAvoiding.framework",
				"${TARGET_BUILD_DIR}/${FRAMEWORKS_FOLDER_PATH}/Kingfisher.framework",
				"${TARGET_BUILD_DIR}/${FRAMEWORKS_FOLDER_PATH}/Koloda.framework",
				"${TARGET_BUILD_DIR}/${FRAMEWORKS_FOLDER_PATH}/SwiftLocation.framework",
				"${TARGET_BUILD_DIR}/${FRAMEWORKS_FOLDER_PATH}/SwiftyJSON.framework",
				"${TARGET_BUILD_DIR}/${FRAMEWORKS_FOLDER_PATH}/Toolbar.framework",
				"${TARGET_BUILD_DIR}/${FRAMEWORKS_FOLDER_PATH}/Lottie.framework",
				"${TARGET_BUILD_DIR}/${FRAMEWORKS_FOLDER_PATH}/pop.framework",
			);
			runOnlyForDeploymentPostprocessing = 0;
			shellPath = /bin/sh;
			shellScript = "\"${PODS_ROOT}/Target Support Files/Pods-craveBot/Pods-craveBot-frameworks.sh\"\n";
			showEnvVarsInLog = 0;
		};
		DDDF4DE0F2AB2F8D5588D194 /* [CP] Check Pods Manifest.lock */ = {
			isa = PBXShellScriptBuildPhase;
			buildActionMask = 2147483647;
			files = (
			);
			inputFileListPaths = (
			);
			inputPaths = (
				"${PODS_PODFILE_DIR_PATH}/Podfile.lock",
				"${PODS_ROOT}/Manifest.lock",
			);
			name = "[CP] Check Pods Manifest.lock";
			outputFileListPaths = (
			);
			outputPaths = (
				"$(DERIVED_FILE_DIR)/Pods-craveBotTests-checkManifestLockResult.txt",
			);
			runOnlyForDeploymentPostprocessing = 0;
			shellPath = /bin/sh;
			shellScript = "diff \"${PODS_PODFILE_DIR_PATH}/Podfile.lock\" \"${PODS_ROOT}/Manifest.lock\" > /dev/null\nif [ $? != 0 ] ; then\n    # print error to STDERR\n    echo \"error: The sandbox is not in sync with the Podfile.lock. Run 'pod install' or update your CocoaPods installation.\" >&2\n    exit 1\nfi\n# This output is used by Xcode 'outputs' to avoid re-running this script phase.\necho \"SUCCESS\" > \"${SCRIPT_OUTPUT_FILE_0}\"\n";
			showEnvVarsInLog = 0;
		};
/* End PBXShellScriptBuildPhase section */

/* Begin PBXSourcesBuildPhase section */
		29807FD82262AF7100B785F7 /* Sources */ = {
			isa = PBXSourcesBuildPhase;
			buildActionMask = 2147483647;
			files = (
				291690362269AE0500384325 /* (null) in Sources */,
				298080142262B16A00B785F7 /* Restaurant.swift in Sources */,
				29807FE22262AF7100B785F7 /* LoadingScreenviewController.swift in Sources */,
				291913112268B5D8000498C5 /* RestaurantExamples.swift in Sources */,
				298080122262B16000B785F7 /* RestaurantViewController.swift in Sources */,
				1958CF532271782400ECFCC3 /* Query.swift in Sources */,
				19259BDD226A313B001AE9F0 /* TempChatBotViewController.swift in Sources */,
				29807FE02262AF7100B785F7 /* AppDelegate.swift in Sources */,
				2916903E2269B1BF00384325 /* (null) in Sources */,
				29237F242265B76600B332EE /* CardView.swift in Sources */,
				298080102262B13C00B785F7 /* ChatBotViewController.swift in Sources */,
			);
			runOnlyForDeploymentPostprocessing = 0;
		};
		29807FEC2262AF7400B785F7 /* Sources */ = {
			isa = PBXSourcesBuildPhase;
			buildActionMask = 2147483647;
			files = (
				29807FF52262AF7400B785F7 /* craveBotTests.swift in Sources */,
			);
			runOnlyForDeploymentPostprocessing = 0;
		};
		29807FF72262AF7400B785F7 /* Sources */ = {
			isa = PBXSourcesBuildPhase;
			buildActionMask = 2147483647;
			files = (
				298080002262AF7400B785F7 /* craveBotUITests.swift in Sources */,
			);
			runOnlyForDeploymentPostprocessing = 0;
		};
/* End PBXSourcesBuildPhase section */

/* Begin PBXTargetDependency section */
		29807FF22262AF7400B785F7 /* PBXTargetDependency */ = {
			isa = PBXTargetDependency;
			target = 29807FDB2262AF7100B785F7 /* craveBot */;
			targetProxy = 29807FF12262AF7400B785F7 /* PBXContainerItemProxy */;
		};
		29807FFD2262AF7400B785F7 /* PBXTargetDependency */ = {
			isa = PBXTargetDependency;
			target = 29807FDB2262AF7100B785F7 /* craveBot */;
			targetProxy = 29807FFC2262AF7400B785F7 /* PBXContainerItemProxy */;
		};
/* End PBXTargetDependency section */

/* Begin PBXVariantGroup section */
		29807FE32262AF7100B785F7 /* Main.storyboard */ = {
			isa = PBXVariantGroup;
			children = (
				29807FE42262AF7100B785F7 /* Base */,
			);
			name = Main.storyboard;
			sourceTree = "<group>";
		};
		29807FE82262AF7400B785F7 /* LaunchScreen.storyboard */ = {
			isa = PBXVariantGroup;
			children = (
				29807FE92262AF7400B785F7 /* Base */,
			);
			name = LaunchScreen.storyboard;
			sourceTree = "<group>";
		};
/* End PBXVariantGroup section */

/* Begin XCBuildConfiguration section */
		298080022262AF7400B785F7 /* Debug */ = {
			isa = XCBuildConfiguration;
			buildSettings = {
				ALWAYS_SEARCH_USER_PATHS = NO;
				CLANG_ANALYZER_NONNULL = YES;
				CLANG_ANALYZER_NUMBER_OBJECT_CONVERSION = YES_AGGRESSIVE;
				CLANG_CXX_LANGUAGE_STANDARD = "gnu++14";
				CLANG_CXX_LIBRARY = "libc++";
				CLANG_ENABLE_MODULES = YES;
				CLANG_ENABLE_OBJC_ARC = YES;
				CLANG_ENABLE_OBJC_WEAK = YES;
				CLANG_WARN_BLOCK_CAPTURE_AUTORELEASING = YES;
				CLANG_WARN_BOOL_CONVERSION = YES;
				CLANG_WARN_COMMA = YES;
				CLANG_WARN_CONSTANT_CONVERSION = YES;
				CLANG_WARN_DEPRECATED_OBJC_IMPLEMENTATIONS = YES;
				CLANG_WARN_DIRECT_OBJC_ISA_USAGE = YES_ERROR;
				CLANG_WARN_DOCUMENTATION_COMMENTS = YES;
				CLANG_WARN_EMPTY_BODY = YES;
				CLANG_WARN_ENUM_CONVERSION = YES;
				CLANG_WARN_INFINITE_RECURSION = YES;
				CLANG_WARN_INT_CONVERSION = YES;
				CLANG_WARN_NON_LITERAL_NULL_CONVERSION = YES;
				CLANG_WARN_OBJC_IMPLICIT_RETAIN_SELF = YES;
				CLANG_WARN_OBJC_LITERAL_CONVERSION = YES;
				CLANG_WARN_OBJC_ROOT_CLASS = YES_ERROR;
				CLANG_WARN_RANGE_LOOP_ANALYSIS = YES;
				CLANG_WARN_STRICT_PROTOTYPES = YES;
				CLANG_WARN_SUSPICIOUS_MOVE = YES;
				CLANG_WARN_UNGUARDED_AVAILABILITY = YES_AGGRESSIVE;
				CLANG_WARN_UNREACHABLE_CODE = YES;
				CLANG_WARN__DUPLICATE_METHOD_MATCH = YES;
				CODE_SIGN_IDENTITY = "iPhone Developer";
				COPY_PHASE_STRIP = NO;
				DEBUG_INFORMATION_FORMAT = dwarf;
				ENABLE_STRICT_OBJC_MSGSEND = YES;
				ENABLE_TESTABILITY = YES;
				GCC_C_LANGUAGE_STANDARD = gnu11;
				GCC_DYNAMIC_NO_PIC = NO;
				GCC_NO_COMMON_BLOCKS = YES;
				GCC_OPTIMIZATION_LEVEL = 0;
				GCC_PREPROCESSOR_DEFINITIONS = (
					"DEBUG=1",
					"$(inherited)",
				);
				GCC_WARN_64_TO_32_BIT_CONVERSION = YES;
				GCC_WARN_ABOUT_RETURN_TYPE = YES_ERROR;
				GCC_WARN_UNDECLARED_SELECTOR = YES;
				GCC_WARN_UNINITIALIZED_AUTOS = YES_AGGRESSIVE;
				GCC_WARN_UNUSED_FUNCTION = YES;
				GCC_WARN_UNUSED_VARIABLE = YES;
				IPHONEOS_DEPLOYMENT_TARGET = 12.0;
				MTL_ENABLE_DEBUG_INFO = INCLUDE_SOURCE;
				MTL_FAST_MATH = YES;
				ONLY_ACTIVE_ARCH = YES;
				SDKROOT = iphoneos;
				SWIFT_ACTIVE_COMPILATION_CONDITIONS = DEBUG;
				SWIFT_OPTIMIZATION_LEVEL = "-Onone";
			};
			name = Debug;
		};
		298080032262AF7400B785F7 /* Release */ = {
			isa = XCBuildConfiguration;
			buildSettings = {
				ALWAYS_SEARCH_USER_PATHS = NO;
				CLANG_ANALYZER_NONNULL = YES;
				CLANG_ANALYZER_NUMBER_OBJECT_CONVERSION = YES_AGGRESSIVE;
				CLANG_CXX_LANGUAGE_STANDARD = "gnu++14";
				CLANG_CXX_LIBRARY = "libc++";
				CLANG_ENABLE_MODULES = YES;
				CLANG_ENABLE_OBJC_ARC = YES;
				CLANG_ENABLE_OBJC_WEAK = YES;
				CLANG_WARN_BLOCK_CAPTURE_AUTORELEASING = YES;
				CLANG_WARN_BOOL_CONVERSION = YES;
				CLANG_WARN_COMMA = YES;
				CLANG_WARN_CONSTANT_CONVERSION = YES;
				CLANG_WARN_DEPRECATED_OBJC_IMPLEMENTATIONS = YES;
				CLANG_WARN_DIRECT_OBJC_ISA_USAGE = YES_ERROR;
				CLANG_WARN_DOCUMENTATION_COMMENTS = YES;
				CLANG_WARN_EMPTY_BODY = YES;
				CLANG_WARN_ENUM_CONVERSION = YES;
				CLANG_WARN_INFINITE_RECURSION = YES;
				CLANG_WARN_INT_CONVERSION = YES;
				CLANG_WARN_NON_LITERAL_NULL_CONVERSION = YES;
				CLANG_WARN_OBJC_IMPLICIT_RETAIN_SELF = YES;
				CLANG_WARN_OBJC_LITERAL_CONVERSION = YES;
				CLANG_WARN_OBJC_ROOT_CLASS = YES_ERROR;
				CLANG_WARN_RANGE_LOOP_ANALYSIS = YES;
				CLANG_WARN_STRICT_PROTOTYPES = YES;
				CLANG_WARN_SUSPICIOUS_MOVE = YES;
				CLANG_WARN_UNGUARDED_AVAILABILITY = YES_AGGRESSIVE;
				CLANG_WARN_UNREACHABLE_CODE = YES;
				CLANG_WARN__DUPLICATE_METHOD_MATCH = YES;
				CODE_SIGN_IDENTITY = "iPhone Developer";
				COPY_PHASE_STRIP = NO;
				DEBUG_INFORMATION_FORMAT = "dwarf-with-dsym";
				ENABLE_NS_ASSERTIONS = NO;
				ENABLE_STRICT_OBJC_MSGSEND = YES;
				GCC_C_LANGUAGE_STANDARD = gnu11;
				GCC_NO_COMMON_BLOCKS = YES;
				GCC_WARN_64_TO_32_BIT_CONVERSION = YES;
				GCC_WARN_ABOUT_RETURN_TYPE = YES_ERROR;
				GCC_WARN_UNDECLARED_SELECTOR = YES;
				GCC_WARN_UNINITIALIZED_AUTOS = YES_AGGRESSIVE;
				GCC_WARN_UNUSED_FUNCTION = YES;
				GCC_WARN_UNUSED_VARIABLE = YES;
				IPHONEOS_DEPLOYMENT_TARGET = 12.0;
				MTL_ENABLE_DEBUG_INFO = NO;
				MTL_FAST_MATH = YES;
				SDKROOT = iphoneos;
				SWIFT_COMPILATION_MODE = wholemodule;
				SWIFT_OPTIMIZATION_LEVEL = "-O";
				VALIDATE_PRODUCT = YES;
			};
			name = Release;
		};
		298080052262AF7400B785F7 /* Debug */ = {
			isa = XCBuildConfiguration;
			baseConfigurationReference = 88D9158852C95ED80FD0FE57 /* Pods-craveBot.debug.xcconfig */;
			buildSettings = {
				ASSETCATALOG_COMPILER_APPICON_NAME = AppIcon;
				CODE_SIGN_STYLE = Automatic;
				INFOPLIST_FILE = craveBot/Info.plist;
				LD_RUNPATH_SEARCH_PATHS = (
					"$(inherited)",
					"@executable_path/Frameworks",
				);
				PRODUCT_BUNDLE_IDENTIFIER = CraveProject.craveBot;
				PRODUCT_NAME = "$(TARGET_NAME)";
				SWIFT_VERSION = 4.2;
				TARGETED_DEVICE_FAMILY = "1,2";
			};
			name = Debug;
		};
		298080062262AF7400B785F7 /* Release */ = {
			isa = XCBuildConfiguration;
			baseConfigurationReference = 3A9E3F89D13BAF6B75C44D43 /* Pods-craveBot.release.xcconfig */;
			buildSettings = {
				ASSETCATALOG_COMPILER_APPICON_NAME = AppIcon;
				CODE_SIGN_STYLE = Automatic;
				INFOPLIST_FILE = craveBot/Info.plist;
				LD_RUNPATH_SEARCH_PATHS = (
					"$(inherited)",
					"@executable_path/Frameworks",
				);
				PRODUCT_BUNDLE_IDENTIFIER = CraveProject.craveBot;
				PRODUCT_NAME = "$(TARGET_NAME)";
				SWIFT_VERSION = 4.2;
				TARGETED_DEVICE_FAMILY = "1,2";
			};
			name = Release;
		};
		298080082262AF7400B785F7 /* Debug */ = {
			isa = XCBuildConfiguration;
			baseConfigurationReference = 473216DD839E9F7E4A941BD2 /* Pods-craveBotTests.debug.xcconfig */;
			buildSettings = {
				ALWAYS_EMBED_SWIFT_STANDARD_LIBRARIES = YES;
				BUNDLE_LOADER = "$(TEST_HOST)";
				CODE_SIGN_STYLE = Automatic;
				INFOPLIST_FILE = craveBotTests/Info.plist;
				LD_RUNPATH_SEARCH_PATHS = (
					"$(inherited)",
					"@executable_path/Frameworks",
					"@loader_path/Frameworks",
				);
				PRODUCT_BUNDLE_IDENTIFIER = CraveProject.craveBotTests;
				PRODUCT_NAME = "$(TARGET_NAME)";
				SWIFT_VERSION = 4.2;
				TARGETED_DEVICE_FAMILY = "1,2";
				TEST_HOST = "$(BUILT_PRODUCTS_DIR)/craveBot.app/craveBot";
			};
			name = Debug;
		};
		298080092262AF7400B785F7 /* Release */ = {
			isa = XCBuildConfiguration;
			baseConfigurationReference = 06E5DC638331D3BBEE335A00 /* Pods-craveBotTests.release.xcconfig */;
			buildSettings = {
				ALWAYS_EMBED_SWIFT_STANDARD_LIBRARIES = YES;
				BUNDLE_LOADER = "$(TEST_HOST)";
				CODE_SIGN_STYLE = Automatic;
				INFOPLIST_FILE = craveBotTests/Info.plist;
				LD_RUNPATH_SEARCH_PATHS = (
					"$(inherited)",
					"@executable_path/Frameworks",
					"@loader_path/Frameworks",
				);
				PRODUCT_BUNDLE_IDENTIFIER = CraveProject.craveBotTests;
				PRODUCT_NAME = "$(TARGET_NAME)";
				SWIFT_VERSION = 4.2;
				TARGETED_DEVICE_FAMILY = "1,2";
				TEST_HOST = "$(BUILT_PRODUCTS_DIR)/craveBot.app/craveBot";
			};
			name = Release;
		};
		2980800B2262AF7400B785F7 /* Debug */ = {
			isa = XCBuildConfiguration;
			baseConfigurationReference = 751CE630EE7F3B55784E1F57 /* Pods-craveBotUITests.debug.xcconfig */;
			buildSettings = {
				ALWAYS_EMBED_SWIFT_STANDARD_LIBRARIES = YES;
				CODE_SIGN_STYLE = Automatic;
				INFOPLIST_FILE = craveBotUITests/Info.plist;
				LD_RUNPATH_SEARCH_PATHS = (
					"$(inherited)",
					"@executable_path/Frameworks",
					"@loader_path/Frameworks",
				);
				PRODUCT_BUNDLE_IDENTIFIER = CraveProject.craveBotUITests;
				PRODUCT_NAME = "$(TARGET_NAME)";
				SWIFT_VERSION = 4.2;
				TARGETED_DEVICE_FAMILY = "1,2";
				TEST_TARGET_NAME = craveBot;
			};
			name = Debug;
		};
		2980800C2262AF7400B785F7 /* Release */ = {
			isa = XCBuildConfiguration;
			baseConfigurationReference = 4FE97228F82AB3750A77FB07 /* Pods-craveBotUITests.release.xcconfig */;
			buildSettings = {
				ALWAYS_EMBED_SWIFT_STANDARD_LIBRARIES = YES;
				CODE_SIGN_STYLE = Automatic;
				INFOPLIST_FILE = craveBotUITests/Info.plist;
				LD_RUNPATH_SEARCH_PATHS = (
					"$(inherited)",
					"@executable_path/Frameworks",
					"@loader_path/Frameworks",
				);
				PRODUCT_BUNDLE_IDENTIFIER = CraveProject.craveBotUITests;
				PRODUCT_NAME = "$(TARGET_NAME)";
				SWIFT_VERSION = 4.2;
				TARGETED_DEVICE_FAMILY = "1,2";
				TEST_TARGET_NAME = craveBot;
			};
			name = Release;
		};
/* End XCBuildConfiguration section */

/* Begin XCConfigurationList section */
		29807FD72262AF7100B785F7 /* Build configuration list for PBXProject "craveBot" */ = {
			isa = XCConfigurationList;
			buildConfigurations = (
				298080022262AF7400B785F7 /* Debug */,
				298080032262AF7400B785F7 /* Release */,
			);
			defaultConfigurationIsVisible = 0;
			defaultConfigurationName = Release;
		};
		298080042262AF7400B785F7 /* Build configuration list for PBXNativeTarget "craveBot" */ = {
			isa = XCConfigurationList;
			buildConfigurations = (
				298080052262AF7400B785F7 /* Debug */,
				298080062262AF7400B785F7 /* Release */,
			);
			defaultConfigurationIsVisible = 0;
			defaultConfigurationName = Release;
		};
		298080072262AF7400B785F7 /* Build configuration list for PBXNativeTarget "craveBotTests" */ = {
			isa = XCConfigurationList;
			buildConfigurations = (
				298080082262AF7400B785F7 /* Debug */,
				298080092262AF7400B785F7 /* Release */,
			);
			defaultConfigurationIsVisible = 0;
			defaultConfigurationName = Release;
		};
		2980800A2262AF7400B785F7 /* Build configuration list for PBXNativeTarget "craveBotUITests" */ = {
			isa = XCConfigurationList;
			buildConfigurations = (
				2980800B2262AF7400B785F7 /* Debug */,
				2980800C2262AF7400B785F7 /* Release */,
			);
			defaultConfigurationIsVisible = 0;
			defaultConfigurationName = Release;
		};
/* End XCConfigurationList section */
	};
	rootObject = 29807FD42262AF7100B785F7 /* Project object */;
}
